
Microsoft Visual Studio Solution File, Format Version 11.00
# Visual Studio 2010
Project("{FAE04EC0-301F-11D3-BF4B-00C04F79EFBC}") = "Pantheon", "Pantheon.csproj", "{1F7D5DA3-9E00-46E0-94DB-83CE0E2CF8D8}"
EndProject
Project("{FAE04EC0-301F-11D3-BF4B-00C04F79EFBC}") = "Pantheon.Test", "Pantheon.Test\Pantheon.Test.csproj", "{F0780244-F82F-4578-A102-67F25741A967}"
EndProject
Project("{FAE04EC0-301F-11D3-BF4B-00C04F79EFBC}") = "Pantheon.Interactive", "Pantheon.Interactive\Pantheon.Interactive.csproj", "{638B88AD-C10E-461A-8204-823F9035B36A}"
EndProject
Global
	GlobalSection(SolutionConfigurationPlatforms) = preSolution
		Debug|x86 = Debug|x86
		Release|x86 = Release|x86
	EndGlobalSection
	GlobalSection(ProjectConfigurationPlatforms) = postSolution
		{1F7D5DA3-9E00-46E0-94DB-83CE0E2CF8D8}.Debug|x86.ActiveCfg = Debug|x86
		{1F7D5DA3-9E00-46E0-94DB-83CE0E2CF8D8}.Debug|x86.Build.0 = Debug|x86
		{1F7D5DA3-9E00-46E0-94DB-83CE0E2CF8D8}.Release|x86.ActiveCfg = Release|x86
		{1F7D5DA3-9E00-46E0-94DB-83CE0E2CF8D8}.Release|x86.Build.0 = Release|x86
		{638B88AD-C10E-461A-8204-823F9035B36A}.Debug|x86.ActiveCfg = Debug|x86
		{638B88AD-C10E-461A-8204-823F9035B36A}.Debug|x86.Build.0 = Debug|x86
		{638B88AD-C10E-461A-8204-823F9035B36A}.Release|x86.ActiveCfg = Release|x86
		{638B88AD-C10E-461A-8204-823F9035B36A}.Release|x86.Build.0 = Release|x86
		{F0780244-F82F-4578-A102-67F25741A967}.Debug|x86.ActiveCfg = Debug|Any CPU
		{F0780244-F82F-4578-A102-67F25741A967}.Debug|x86.Build.0 = Debug|Any CPU
		{F0780244-F82F-4578-A102-67F25741A967}.Release|x86.ActiveCfg = Release|Any CPU
		{F0780244-F82F-4578-A102-67F25741A967}.Release|x86.Build.0 = Release|Any CPU
	EndGlobalSection
	GlobalSection(MonoDevelopProperties) = preSolution
		StartupItem = Pantheon.csproj
	EndGlobalSection
EndGlobal
